
Microsoft Visual Studio Solution File, Format Version 12.00
# Visual Studio Version 17
VisualStudioVersion = 17.2.32526.322
MinimumVisualStudioVersion = 10.0.40219.1
Project("{9A19103F-16F7-4668-BE54-9A1E7A4F7556}") = "ShopOnline.Web", "ShopOnline.Web\ShopOnline.Web.csproj", "{C68FF1B4-0D83-4AD5-B670-A735F015710E}"
EndProject
Project("{9A19103F-16F7-4668-BE54-9A1E7A4F7556}") = "ShopOnline.Api", "ShopOnline.Api\ShopOnline.Api.csproj", "{1C89D6D1-A187-4EE7-ABDF-34D4CB266F79}"
EndProject
Project("{9A19103F-16F7-4668-BE54-9A1E7A4F7556}") = "ShopOnline.Models", "ShopOnline.Models\ShopOnline.Models.csproj", "{03A49EDC-28DF-4260-81E1-4115FE7B85DA}"
EndProject
Global
	GlobalSection(SolutionConfigurationPlatforms) = preSolution
		Debug|Any CPU = Debug|Any CPU
		Release|Any CPU = Release|Any CPU
	EndGlobalSection
	GlobalSection(ProjectConfigurationPlatforms) = postSolution
		{C68FF1B4-0D83-4AD5-B670-A735F015710E}.Debug|Any CPU.ActiveCfg = Debug|Any CPU
		{C68FF1B4-0D83-4AD5-B670-A735F015710E}.Debug|Any CPU.Build.0 = Debug|Any CPU
		{C68FF1B4-0D83-4AD5-B670-A735F015710E}.Release|Any CPU.ActiveCfg = Release|Any CPU
		{C68FF1B4-0D83-4AD5-B670-A735F015710E}.Release|Any CPU.Build.0 = Release|Any CPU
		{1C89D6D1-A187-4EE7-ABDF-34D4CB266F79}.Debug|Any CPU.ActiveCfg = Debug|Any CPU
		{1C89D6D1-A187-4EE7-ABDF-34D4CB266F79}.Debug|Any CPU.Build.0 = Debug|Any CPU
		{1C89D6D1-A187-4EE7-ABDF-34D4CB266F79}.Release|Any CPU.ActiveCfg = Release|Any CPU
		{1C89D6D1-A187-4EE7-ABDF-34D4CB266F79}.Release|Any CPU.Build.0 = Release|Any CPU
		{03A49EDC-28DF-4260-81E1-4115FE7B85DA}.Debug|Any CPU.ActiveCfg = Debug|Any CPU
		{03A49EDC-28DF-4260-81E1-4115FE7B85DA}.Debug|Any CPU.Build.0 = Debug|Any CPU
		{03A49EDC-28DF-4260-81E1-4115FE7B85DA}.Release|Any CPU.ActiveCfg = Release|Any CPU
		{03A49EDC-28DF-4260-81E1-4115FE7B85DA}.Release|Any CPU.Build.0 = Release|Any CPU
	EndGlobalSection
	GlobalSection(SolutionProperties) = preSolution
		HideSolutionNode = FALSE
	EndGlobalSection
	GlobalSection(ExtensibilityGlobals) = postSolution
		SolutionGuid = {E741C232-6883-4867-858D-F5BD7D6E978F}
	EndGlobalSection
EndGlobal
